
Microsoft Visual Studio Solution File, Format Version 12.00
# Visual Studio 15
VisualStudioVersion = 15.0.26403.7
MinimumVisualStudioVersion = 10.0.40219.1
Project("{FAE04EC0-301F-11D3-BF4B-00C04F79EFBC}") = "TaxiFare", "TaxiFare\TaxiFare.csproj", "{0EE2C898-68A0-48C4-B2CA-4327C78242AC}"
EndProject
Project("{FAE04EC0-301F-11D3-BF4B-00C04F79EFBC}") = "MonthlyDebt", "MonthlyDebt\MonthlyDebt.csproj", "{0B3B5EF6-0CD1-474A-A437-8DAF350B651C}"
EndProject
Project("{FAE04EC0-301F-11D3-BF4B-00C04F79EFBC}") = "FizzBuzz", "FizzBuzz\FizzBuzz.csproj", "{1F8D48B2-9E3A-41D2-8EF2-5DBF9AB41628}"
EndProject
Project("{FAE04EC0-301F-11D3-BF4B-00C04F79EFBC}") = "RomanNumbers", "RomanNumbers\RomanNumbers.csproj", "{A3429FB3-3382-4283-ACB2-3ADFA05CC39D}"
EndProject
Project("{FAE04EC0-301F-11D3-BF4B-00C04F79EFBC}") = "WatermelonSplit", "WatermelonSplit\WatermelonSplit.csproj", "{A0C390DD-E260-41BF-878C-F3517CC8EDC7}"
EndProject
Global
	GlobalSection(SolutionConfigurationPlatforms) = preSolution
		Debug|Any CPU = Debug|Any CPU
		Release|Any CPU = Release|Any CPU
	EndGlobalSection
	GlobalSection(ProjectConfigurationPlatforms) = postSolution
		{0EE2C898-68A0-48C4-B2CA-4327C78242AC}.Debug|Any CPU.ActiveCfg = Debug|Any CPU
		{0EE2C898-68A0-48C4-B2CA-4327C78242AC}.Debug|Any CPU.Build.0 = Debug|Any CPU
		{0EE2C898-68A0-48C4-B2CA-4327C78242AC}.Release|Any CPU.ActiveCfg = Release|Any CPU
		{0EE2C898-68A0-48C4-B2CA-4327C78242AC}.Release|Any CPU.Build.0 = Release|Any CPU
		{0B3B5EF6-0CD1-474A-A437-8DAF350B651C}.Debug|Any CPU.ActiveCfg = Debug|Any CPU
		{0B3B5EF6-0CD1-474A-A437-8DAF350B651C}.Debug|Any CPU.Build.0 = Debug|Any CPU
		{0B3B5EF6-0CD1-474A-A437-8DAF350B651C}.Release|Any CPU.ActiveCfg = Release|Any CPU
		{0B3B5EF6-0CD1-474A-A437-8DAF350B651C}.Release|Any CPU.Build.0 = Release|Any CPU
		{1F8D48B2-9E3A-41D2-8EF2-5DBF9AB41628}.Debug|Any CPU.ActiveCfg = Debug|Any CPU
		{1F8D48B2-9E3A-41D2-8EF2-5DBF9AB41628}.Debug|Any CPU.Build.0 = Debug|Any CPU
		{1F8D48B2-9E3A-41D2-8EF2-5DBF9AB41628}.Release|Any CPU.ActiveCfg = Release|Any CPU
		{1F8D48B2-9E3A-41D2-8EF2-5DBF9AB41628}.Release|Any CPU.Build.0 = Release|Any CPU
		{A3429FB3-3382-4283-ACB2-3ADFA05CC39D}.Debug|Any CPU.ActiveCfg = Debug|Any CPU
		{A3429FB3-3382-4283-ACB2-3ADFA05CC39D}.Debug|Any CPU.Build.0 = Debug|Any CPU
		{A3429FB3-3382-4283-ACB2-3ADFA05CC39D}.Release|Any CPU.ActiveCfg = Release|Any CPU
		{A3429FB3-3382-4283-ACB2-3ADFA05CC39D}.Release|Any CPU.Build.0 = Release|Any CPU
		{A0C390DD-E260-41BF-878C-F3517CC8EDC7}.Debug|Any CPU.ActiveCfg = Debug|Any CPU
		{A0C390DD-E260-41BF-878C-F3517CC8EDC7}.Debug|Any CPU.Build.0 = Debug|Any CPU
		{A0C390DD-E260-41BF-878C-F3517CC8EDC7}.Release|Any CPU.ActiveCfg = Release|Any CPU
		{A0C390DD-E260-41BF-878C-F3517CC8EDC7}.Release|Any CPU.Build.0 = Release|Any CPU
	EndGlobalSection
	GlobalSection(SolutionProperties) = preSolution
		HideSolutionNode = FALSE
	EndGlobalSection
EndGlobal
