
Microsoft Visual Studio Solution File, Format Version 12.00
# Visual Studio 15
VisualStudioVersion = 15.0.26403.7
MinimumVisualStudioVersion = 10.0.40219.1
Project("{FAE04EC0-301F-11D3-BF4B-00C04F79EFBC}") = "SquaresInChessTable", "SquaresInChessTable\SquaresInChessTable.csproj", "{F0F4CD3E-EFE0-4FC3-AF51-D51AE16EAD4F}"
EndProject
Project("{FAE04EC0-301F-11D3-BF4B-00C04F79EFBC}") = "PrefixForLetters", "PrefixForLetters\PrefixForLetters.csproj", "{2FC83510-6365-435B-AA31-6130CCF278B0}"
EndProject
Project("{FAE04EC0-301F-11D3-BF4B-00C04F79EFBC}") = "Pangram", "Pangram\Pangram.csproj", "{A0C9A6BF-C619-44A1-8970-FBFEFDC64E7C}"
EndProject
Project("{FAE04EC0-301F-11D3-BF4B-00C04F79EFBC}") = "Cube", "Cube\Cube.csproj", "{E719B41B-C8EE-45F6-A103-619151CB92A0}"
EndProject
Global
	GlobalSection(SolutionConfigurationPlatforms) = preSolution
		Debug|Any CPU = Debug|Any CPU
		Release|Any CPU = Release|Any CPU
	EndGlobalSection
	GlobalSection(ProjectConfigurationPlatforms) = postSolution
		{F0F4CD3E-EFE0-4FC3-AF51-D51AE16EAD4F}.Debug|Any CPU.ActiveCfg = Debug|Any CPU
		{F0F4CD3E-EFE0-4FC3-AF51-D51AE16EAD4F}.Debug|Any CPU.Build.0 = Debug|Any CPU
		{F0F4CD3E-EFE0-4FC3-AF51-D51AE16EAD4F}.Release|Any CPU.ActiveCfg = Release|Any CPU
		{F0F4CD3E-EFE0-4FC3-AF51-D51AE16EAD4F}.Release|Any CPU.Build.0 = Release|Any CPU
		{2FC83510-6365-435B-AA31-6130CCF278B0}.Debug|Any CPU.ActiveCfg = Debug|Any CPU
		{2FC83510-6365-435B-AA31-6130CCF278B0}.Debug|Any CPU.Build.0 = Debug|Any CPU
		{2FC83510-6365-435B-AA31-6130CCF278B0}.Release|Any CPU.ActiveCfg = Release|Any CPU
		{2FC83510-6365-435B-AA31-6130CCF278B0}.Release|Any CPU.Build.0 = Release|Any CPU
		{A0C9A6BF-C619-44A1-8970-FBFEFDC64E7C}.Debug|Any CPU.ActiveCfg = Debug|Any CPU
		{A0C9A6BF-C619-44A1-8970-FBFEFDC64E7C}.Debug|Any CPU.Build.0 = Debug|Any CPU
		{A0C9A6BF-C619-44A1-8970-FBFEFDC64E7C}.Release|Any CPU.ActiveCfg = Release|Any CPU
		{A0C9A6BF-C619-44A1-8970-FBFEFDC64E7C}.Release|Any CPU.Build.0 = Release|Any CPU
		{E719B41B-C8EE-45F6-A103-619151CB92A0}.Debug|Any CPU.ActiveCfg = Debug|Any CPU
		{E719B41B-C8EE-45F6-A103-619151CB92A0}.Debug|Any CPU.Build.0 = Debug|Any CPU
		{E719B41B-C8EE-45F6-A103-619151CB92A0}.Release|Any CPU.ActiveCfg = Release|Any CPU
		{E719B41B-C8EE-45F6-A103-619151CB92A0}.Release|Any CPU.Build.0 = Release|Any CPU
	EndGlobalSection
	GlobalSection(SolutionProperties) = preSolution
		HideSolutionNode = FALSE
	EndGlobalSection
EndGlobal
