
Microsoft Visual Studio Solution File, Format Version 12.00
# Visual Studio 15
VisualStudioVersion = 15.0.26403.7
MinimumVisualStudioVersion = 10.0.40219.1
Project("{FAE04EC0-301F-11D3-BF4B-00C04F79EFBC}") = "LottoExtraction", "LottoExtraction\LottoExtraction.csproj", "{0B135FC1-C51F-437B-8DA6-C8514DEA9815}"
EndProject
Project("{FAE04EC0-301F-11D3-BF4B-00C04F79EFBC}") = "RepairCenter", "RepairCenter\RepairCenter.csproj", "{DAD27532-B772-45D8-A354-D6FE8085F786}"
EndProject
Project("{FAE04EC0-301F-11D3-BF4B-00C04F79EFBC}") = "WordsSort", "WordsSort\WordsSort.csproj", "{CF6E1034-B604-4432-9957-838CE0959A8F}"
EndProject
Global
	GlobalSection(SolutionConfigurationPlatforms) = preSolution
		Debug|Any CPU = Debug|Any CPU
		Release|Any CPU = Release|Any CPU
	EndGlobalSection
	GlobalSection(ProjectConfigurationPlatforms) = postSolution
		{0B135FC1-C51F-437B-8DA6-C8514DEA9815}.Debug|Any CPU.ActiveCfg = Debug|Any CPU
		{0B135FC1-C51F-437B-8DA6-C8514DEA9815}.Debug|Any CPU.Build.0 = Debug|Any CPU
		{0B135FC1-C51F-437B-8DA6-C8514DEA9815}.Release|Any CPU.ActiveCfg = Release|Any CPU
		{0B135FC1-C51F-437B-8DA6-C8514DEA9815}.Release|Any CPU.Build.0 = Release|Any CPU
		{DAD27532-B772-45D8-A354-D6FE8085F786}.Debug|Any CPU.ActiveCfg = Debug|Any CPU
		{DAD27532-B772-45D8-A354-D6FE8085F786}.Debug|Any CPU.Build.0 = Debug|Any CPU
		{DAD27532-B772-45D8-A354-D6FE8085F786}.Release|Any CPU.ActiveCfg = Release|Any CPU
		{DAD27532-B772-45D8-A354-D6FE8085F786}.Release|Any CPU.Build.0 = Release|Any CPU
		{CF6E1034-B604-4432-9957-838CE0959A8F}.Debug|Any CPU.ActiveCfg = Debug|Any CPU
		{CF6E1034-B604-4432-9957-838CE0959A8F}.Debug|Any CPU.Build.0 = Debug|Any CPU
		{CF6E1034-B604-4432-9957-838CE0959A8F}.Release|Any CPU.ActiveCfg = Release|Any CPU
		{CF6E1034-B604-4432-9957-838CE0959A8F}.Release|Any CPU.Build.0 = Release|Any CPU
	EndGlobalSection
	GlobalSection(SolutionProperties) = preSolution
		HideSolutionNode = FALSE
	EndGlobalSection
EndGlobal
