
Microsoft Visual Studio Solution File, Format Version 12.00
# Visual Studio 15
VisualStudioVersion = 15.0.26403.7
MinimumVisualStudioVersion = 10.0.40219.1
Project("{FAE04EC0-301F-11D3-BF4B-00C04F79EFBC}") = "ClockAlarm", "ClockAlarm\ClockAlarm.csproj", "{C0455D26-469F-4223-A395-5CB108691028}"
EndProject
Project("{FAE04EC0-301F-11D3-BF4B-00C04F79EFBC}") = "ShoppingCart", "ShoppingCart\ShoppingCart.csproj", "{C3A7F740-47CF-462D-A682-CDA7FB4A7152}"
EndProject
Project("{FAE04EC0-301F-11D3-BF4B-00C04F79EFBC}") = "Intersection", "Intersection\Intersection.csproj", "{CC4C6BE3-68B2-459A-8F90-DCDF74DFE214}"
EndProject
Project("{FAE04EC0-301F-11D3-BF4B-00C04F79EFBC}") = "Password", "Password\Password.csproj", "{FBEF9916-7131-48D8-AE09-0DDE8AB9D5C3}"
EndProject
Project("{FAE04EC0-301F-11D3-BF4B-00C04F79EFBC}") = "Cyclometer", "Cyclometer\Cyclometer.csproj", "{20CF7AD2-C0AE-4C5F-AB39-807400C5B57C}"
EndProject
Global
	GlobalSection(SolutionConfigurationPlatforms) = preSolution
		Debug|Any CPU = Debug|Any CPU
		Release|Any CPU = Release|Any CPU
	EndGlobalSection
	GlobalSection(ProjectConfigurationPlatforms) = postSolution
		{C0455D26-469F-4223-A395-5CB108691028}.Debug|Any CPU.ActiveCfg = Debug|Any CPU
		{C0455D26-469F-4223-A395-5CB108691028}.Debug|Any CPU.Build.0 = Debug|Any CPU
		{C0455D26-469F-4223-A395-5CB108691028}.Release|Any CPU.ActiveCfg = Release|Any CPU
		{C0455D26-469F-4223-A395-5CB108691028}.Release|Any CPU.Build.0 = Release|Any CPU
		{C3A7F740-47CF-462D-A682-CDA7FB4A7152}.Debug|Any CPU.ActiveCfg = Debug|Any CPU
		{C3A7F740-47CF-462D-A682-CDA7FB4A7152}.Debug|Any CPU.Build.0 = Debug|Any CPU
		{C3A7F740-47CF-462D-A682-CDA7FB4A7152}.Release|Any CPU.ActiveCfg = Release|Any CPU
		{C3A7F740-47CF-462D-A682-CDA7FB4A7152}.Release|Any CPU.Build.0 = Release|Any CPU
		{CC4C6BE3-68B2-459A-8F90-DCDF74DFE214}.Debug|Any CPU.ActiveCfg = Debug|Any CPU
		{CC4C6BE3-68B2-459A-8F90-DCDF74DFE214}.Debug|Any CPU.Build.0 = Debug|Any CPU
		{CC4C6BE3-68B2-459A-8F90-DCDF74DFE214}.Release|Any CPU.ActiveCfg = Release|Any CPU
		{CC4C6BE3-68B2-459A-8F90-DCDF74DFE214}.Release|Any CPU.Build.0 = Release|Any CPU
		{FBEF9916-7131-48D8-AE09-0DDE8AB9D5C3}.Debug|Any CPU.ActiveCfg = Debug|Any CPU
		{FBEF9916-7131-48D8-AE09-0DDE8AB9D5C3}.Debug|Any CPU.Build.0 = Debug|Any CPU
		{FBEF9916-7131-48D8-AE09-0DDE8AB9D5C3}.Release|Any CPU.ActiveCfg = Release|Any CPU
		{FBEF9916-7131-48D8-AE09-0DDE8AB9D5C3}.Release|Any CPU.Build.0 = Release|Any CPU
		{20CF7AD2-C0AE-4C5F-AB39-807400C5B57C}.Debug|Any CPU.ActiveCfg = Debug|Any CPU
		{20CF7AD2-C0AE-4C5F-AB39-807400C5B57C}.Debug|Any CPU.Build.0 = Debug|Any CPU
		{20CF7AD2-C0AE-4C5F-AB39-807400C5B57C}.Release|Any CPU.ActiveCfg = Release|Any CPU
		{20CF7AD2-C0AE-4C5F-AB39-807400C5B57C}.Release|Any CPU.Build.0 = Release|Any CPU
	EndGlobalSection
	GlobalSection(SolutionProperties) = preSolution
		HideSolutionNode = FALSE
	EndGlobalSection
EndGlobal
