
Microsoft Visual Studio Solution File, Format Version 12.00
# Visual Studio 15
VisualStudioVersion = 15.0.26403.7
MinimumVisualStudioVersion = 10.0.40219.1
Project("{FAE04EC0-301F-11D3-BF4B-00C04F79EFBC}") = "Fibonacci", "Fibonacci\Fibonacci.csproj", "{01935A8C-42A0-4ACE-B205-A83C02B97F13}"
EndProject
Project("{FAE04EC0-301F-11D3-BF4B-00C04F79EFBC}") = "HanoiTowers", "Hanoi Towers\HanoiTowers.csproj", "{7CD6F9E1-1D38-4DB8-BCE6-4FF5AFDFA41B}"
EndProject
Project("{FAE04EC0-301F-11D3-BF4B-00C04F79EFBC}") = "ReverseString", "ReverseString\ReverseString.csproj", "{7CD018FF-6785-4DF1-B014-218D0F745462}"
EndProject
Project("{FAE04EC0-301F-11D3-BF4B-00C04F79EFBC}") = "FindAndReplace", "FindAndReplace\FindAndReplace.csproj", "{CAF25147-CEAE-4E73-B5FD-CABACE9B6EC6}"
EndProject
Project("{FAE04EC0-301F-11D3-BF4B-00C04F79EFBC}") = "PascalTriangle", "PascalTriangle\PascalTriangle.csproj", "{3B79B6B7-4E78-4B65-B9A5-88A3060C3D13}"
EndProject
Global
	GlobalSection(SolutionConfigurationPlatforms) = preSolution
		Debug|Any CPU = Debug|Any CPU
		Release|Any CPU = Release|Any CPU
	EndGlobalSection
	GlobalSection(ProjectConfigurationPlatforms) = postSolution
		{01935A8C-42A0-4ACE-B205-A83C02B97F13}.Debug|Any CPU.ActiveCfg = Debug|Any CPU
		{01935A8C-42A0-4ACE-B205-A83C02B97F13}.Debug|Any CPU.Build.0 = Debug|Any CPU
		{01935A8C-42A0-4ACE-B205-A83C02B97F13}.Release|Any CPU.ActiveCfg = Release|Any CPU
		{01935A8C-42A0-4ACE-B205-A83C02B97F13}.Release|Any CPU.Build.0 = Release|Any CPU
		{7CD6F9E1-1D38-4DB8-BCE6-4FF5AFDFA41B}.Debug|Any CPU.ActiveCfg = Debug|Any CPU
		{7CD6F9E1-1D38-4DB8-BCE6-4FF5AFDFA41B}.Debug|Any CPU.Build.0 = Debug|Any CPU
		{7CD6F9E1-1D38-4DB8-BCE6-4FF5AFDFA41B}.Release|Any CPU.ActiveCfg = Release|Any CPU
		{7CD6F9E1-1D38-4DB8-BCE6-4FF5AFDFA41B}.Release|Any CPU.Build.0 = Release|Any CPU
		{7CD018FF-6785-4DF1-B014-218D0F745462}.Debug|Any CPU.ActiveCfg = Debug|Any CPU
		{7CD018FF-6785-4DF1-B014-218D0F745462}.Debug|Any CPU.Build.0 = Debug|Any CPU
		{7CD018FF-6785-4DF1-B014-218D0F745462}.Release|Any CPU.ActiveCfg = Release|Any CPU
		{7CD018FF-6785-4DF1-B014-218D0F745462}.Release|Any CPU.Build.0 = Release|Any CPU
		{CAF25147-CEAE-4E73-B5FD-CABACE9B6EC6}.Debug|Any CPU.ActiveCfg = Debug|Any CPU
		{CAF25147-CEAE-4E73-B5FD-CABACE9B6EC6}.Debug|Any CPU.Build.0 = Debug|Any CPU
		{CAF25147-CEAE-4E73-B5FD-CABACE9B6EC6}.Release|Any CPU.ActiveCfg = Release|Any CPU
		{CAF25147-CEAE-4E73-B5FD-CABACE9B6EC6}.Release|Any CPU.Build.0 = Release|Any CPU
		{3B79B6B7-4E78-4B65-B9A5-88A3060C3D13}.Debug|Any CPU.ActiveCfg = Debug|Any CPU
		{3B79B6B7-4E78-4B65-B9A5-88A3060C3D13}.Debug|Any CPU.Build.0 = Debug|Any CPU
		{3B79B6B7-4E78-4B65-B9A5-88A3060C3D13}.Release|Any CPU.ActiveCfg = Release|Any CPU
		{3B79B6B7-4E78-4B65-B9A5-88A3060C3D13}.Release|Any CPU.Build.0 = Release|Any CPU
	EndGlobalSection
	GlobalSection(SolutionProperties) = preSolution
		HideSolutionNode = FALSE
	EndGlobalSection
EndGlobal
